
Microsoft Visual Studio Solution File, Format Version 12.00
# Visual Studio Version 17
VisualStudioVersion = 17.2.32526.322
MinimumVisualStudioVersion = 10.0.40219.1
Project("{FAE04EC0-301F-11D3-BF4B-00C04F79EFBC}") = "ChatZakirova", "ChatZakirova\ChatZakirova.csproj", "{3AF8ED39-62F0-4B4B-B327-DB280CFF797D}"
EndProject
Global
	GlobalSection(SolutionConfigurationPlatforms) = preSolution
		Debug|Any CPU = Debug|Any CPU
		Release|Any CPU = Release|Any CPU
	EndGlobalSection
	GlobalSection(ProjectConfigurationPlatforms) = postSolution
		{3AF8ED39-62F0-4B4B-B327-DB280CFF797D}.Debug|Any CPU.ActiveCfg = Debug|Any CPU
		{3AF8ED39-62F0-4B4B-B327-DB280CFF797D}.Debug|Any CPU.Build.0 = Debug|Any CPU
		{3AF8ED39-62F0-4B4B-B327-DB280CFF797D}.Release|Any CPU.ActiveCfg = Release|Any CPU
		{3AF8ED39-62F0-4B4B-B327-DB280CFF797D}.Release|Any CPU.Build.0 = Release|Any CPU
	EndGlobalSection
	GlobalSection(SolutionProperties) = preSolution
		HideSolutionNode = FALSE
	EndGlobalSection
	GlobalSection(ExtensibilityGlobals) = postSolution
		SolutionGuid = {58E23496-9009-47DB-8B79-98390D4CC2C1}
	EndGlobalSection
EndGlobal
